
Microsoft Visual Studio Solution File, Format Version 12.00
# Visual Studio Version 16
VisualStudioVersion = 16.0.30114.105
MinimumVisualStudioVersion = 10.0.40219.1
Project("{FAE04EC0-301F-11D3-BF4B-00C04F79EFBC}") = "ServerTask", "ServerTask.csproj", "{BBCDF2F4-625A-4B9A-8A3B-7B08E60CC9CA}"
EndProject
Global
	GlobalSection(SolutionConfigurationPlatforms) = preSolution
		Debug|Any CPU = Debug|Any CPU
		Release|Any CPU = Release|Any CPU
	EndGlobalSection
	GlobalSection(SolutionProperties) = preSolution
		HideSolutionNode = FALSE
	EndGlobalSection
	GlobalSection(ProjectConfigurationPlatforms) = postSolution
		{BBCDF2F4-625A-4B9A-8A3B-7B08E60CC9CA}.Debug|Any CPU.ActiveCfg = Debug|Any CPU
		{BBCDF2F4-625A-4B9A-8A3B-7B08E60CC9CA}.Debug|Any CPU.Build.0 = Debug|Any CPU
		{BBCDF2F4-625A-4B9A-8A3B-7B08E60CC9CA}.Release|Any CPU.ActiveCfg = Release|Any CPU
		{BBCDF2F4-625A-4B9A-8A3B-7B08E60CC9CA}.Release|Any CPU.Build.0 = Release|Any CPU
	EndGlobalSection
EndGlobal
